
Microsoft Visual Studio Solution File, Format Version 12.00
# Visual Studio Version 17
VisualStudioVersion = 17.0.31903.59
MinimumVisualStudioVersion = 10.0.40219.1
Project("{FAE04EC0-301F-11D3-BF4B-00C04F79EFBC}") = "API", "API\API.csproj", "{51833C8C-11EE-456B-B28C-6F6C579EB650}"
EndProject
Project("{FAE04EC0-301F-11D3-BF4B-00C04F79EFBC}") = "Core", "Core\Core.csproj", "{E9A75D84-C485-438D-AE08-8DD0EB29BD2A}"
EndProject
Project("{FAE04EC0-301F-11D3-BF4B-00C04F79EFBC}") = "Infrastructure", "Infrastructure\Infrastructure.csproj", "{DD4BDC08-1FD6-4FE8-945F-51C81EB06882}"
EndProject
Global
	GlobalSection(SolutionConfigurationPlatforms) = preSolution
		Debug|Any CPU = Debug|Any CPU
		Release|Any CPU = Release|Any CPU
	EndGlobalSection
	GlobalSection(SolutionProperties) = preSolution
		HideSolutionNode = FALSE
	EndGlobalSection
	GlobalSection(ProjectConfigurationPlatforms) = postSolution
		{51833C8C-11EE-456B-B28C-6F6C579EB650}.Debug|Any CPU.ActiveCfg = Debug|Any CPU
		{51833C8C-11EE-456B-B28C-6F6C579EB650}.Debug|Any CPU.Build.0 = Debug|Any CPU
		{51833C8C-11EE-456B-B28C-6F6C579EB650}.Release|Any CPU.ActiveCfg = Release|Any CPU
		{51833C8C-11EE-456B-B28C-6F6C579EB650}.Release|Any CPU.Build.0 = Release|Any CPU
		{E9A75D84-C485-438D-AE08-8DD0EB29BD2A}.Debug|Any CPU.ActiveCfg = Debug|Any CPU
		{E9A75D84-C485-438D-AE08-8DD0EB29BD2A}.Debug|Any CPU.Build.0 = Debug|Any CPU
		{E9A75D84-C485-438D-AE08-8DD0EB29BD2A}.Release|Any CPU.ActiveCfg = Release|Any CPU
		{E9A75D84-C485-438D-AE08-8DD0EB29BD2A}.Release|Any CPU.Build.0 = Release|Any CPU
		{DD4BDC08-1FD6-4FE8-945F-51C81EB06882}.Debug|Any CPU.ActiveCfg = Debug|Any CPU
		{DD4BDC08-1FD6-4FE8-945F-51C81EB06882}.Debug|Any CPU.Build.0 = Debug|Any CPU
		{DD4BDC08-1FD6-4FE8-945F-51C81EB06882}.Release|Any CPU.ActiveCfg = Release|Any CPU
		{DD4BDC08-1FD6-4FE8-945F-51C81EB06882}.Release|Any CPU.Build.0 = Release|Any CPU
	EndGlobalSection
EndGlobal
