
Microsoft Visual Studio Solution File, Format Version 12.00
# Visual Studio Version 17
VisualStudioVersion = 17.0.31903.59
MinimumVisualStudioVersion = 10.0.40219.1
Project("{FAE04EC0-301F-11D3-BF4B-00C04F79EFBC}") = "API", "API\API.csproj", "{0DA1F823-6AEE-4B5F-AC85-C716C3406BC8}"
EndProject
Project("{FAE04EC0-301F-11D3-BF4B-00C04F79EFBC}") = "Core", "Core\Core.csproj", "{AEFA5FC7-5DA9-4BCC-AAEA-4FB02C9EBE72}"
EndProject
Project("{FAE04EC0-301F-11D3-BF4B-00C04F79EFBC}") = "Infrastructure", "Infrastructure\Infrastructure.csproj", "{4FEB2718-7E24-41B0-A3C3-9DF1328317EC}"
EndProject
Global
	GlobalSection(SolutionConfigurationPlatforms) = preSolution
		Debug|Any CPU = Debug|Any CPU
		Release|Any CPU = Release|Any CPU
	EndGlobalSection
	GlobalSection(SolutionProperties) = preSolution
		HideSolutionNode = FALSE
	EndGlobalSection
	GlobalSection(ProjectConfigurationPlatforms) = postSolution
		{0DA1F823-6AEE-4B5F-AC85-C716C3406BC8}.Debug|Any CPU.ActiveCfg = Debug|Any CPU
		{0DA1F823-6AEE-4B5F-AC85-C716C3406BC8}.Debug|Any CPU.Build.0 = Debug|Any CPU
		{0DA1F823-6AEE-4B5F-AC85-C716C3406BC8}.Release|Any CPU.ActiveCfg = Release|Any CPU
		{0DA1F823-6AEE-4B5F-AC85-C716C3406BC8}.Release|Any CPU.Build.0 = Release|Any CPU
		{AEFA5FC7-5DA9-4BCC-AAEA-4FB02C9EBE72}.Debug|Any CPU.ActiveCfg = Debug|Any CPU
		{AEFA5FC7-5DA9-4BCC-AAEA-4FB02C9EBE72}.Debug|Any CPU.Build.0 = Debug|Any CPU
		{AEFA5FC7-5DA9-4BCC-AAEA-4FB02C9EBE72}.Release|Any CPU.ActiveCfg = Release|Any CPU
		{AEFA5FC7-5DA9-4BCC-AAEA-4FB02C9EBE72}.Release|Any CPU.Build.0 = Release|Any CPU
		{4FEB2718-7E24-41B0-A3C3-9DF1328317EC}.Debug|Any CPU.ActiveCfg = Debug|Any CPU
		{4FEB2718-7E24-41B0-A3C3-9DF1328317EC}.Debug|Any CPU.Build.0 = Debug|Any CPU
		{4FEB2718-7E24-41B0-A3C3-9DF1328317EC}.Release|Any CPU.ActiveCfg = Release|Any CPU
		{4FEB2718-7E24-41B0-A3C3-9DF1328317EC}.Release|Any CPU.Build.0 = Release|Any CPU
	EndGlobalSection
EndGlobal
