
Microsoft Visual Studio Solution File, Format Version 12.00
# Visual Studio Version 17
VisualStudioVersion = 17.0.31903.59
MinimumVisualStudioVersion = 10.0.40219.1
Project("{FAE04EC0-301F-11D3-BF4B-00C04F79EFBC}") = "API", "API\API.csproj", "{C1DE0759-671A-4F7D-959C-0B4BA044F4A9}"
EndProject
Project("{FAE04EC0-301F-11D3-BF4B-00C04F79EFBC}") = "Core", "Core\Core.csproj", "{1CE65024-0703-494A-9A8C-3A7EC096271B}"
EndProject
Project("{FAE04EC0-301F-11D3-BF4B-00C04F79EFBC}") = "Infrastructure", "Infrastructure\Infrastructure.csproj", "{10D94A11-0806-4C09-826D-634A2EFA6488}"
EndProject
Global
	GlobalSection(SolutionConfigurationPlatforms) = preSolution
		Debug|Any CPU = Debug|Any CPU
		Release|Any CPU = Release|Any CPU
	EndGlobalSection
	GlobalSection(SolutionProperties) = preSolution
		HideSolutionNode = FALSE
	EndGlobalSection
	GlobalSection(ProjectConfigurationPlatforms) = postSolution
		{C1DE0759-671A-4F7D-959C-0B4BA044F4A9}.Debug|Any CPU.ActiveCfg = Debug|Any CPU
		{C1DE0759-671A-4F7D-959C-0B4BA044F4A9}.Debug|Any CPU.Build.0 = Debug|Any CPU
		{C1DE0759-671A-4F7D-959C-0B4BA044F4A9}.Release|Any CPU.ActiveCfg = Release|Any CPU
		{C1DE0759-671A-4F7D-959C-0B4BA044F4A9}.Release|Any CPU.Build.0 = Release|Any CPU
		{1CE65024-0703-494A-9A8C-3A7EC096271B}.Debug|Any CPU.ActiveCfg = Debug|Any CPU
		{1CE65024-0703-494A-9A8C-3A7EC096271B}.Debug|Any CPU.Build.0 = Debug|Any CPU
		{1CE65024-0703-494A-9A8C-3A7EC096271B}.Release|Any CPU.ActiveCfg = Release|Any CPU
		{1CE65024-0703-494A-9A8C-3A7EC096271B}.Release|Any CPU.Build.0 = Release|Any CPU
		{10D94A11-0806-4C09-826D-634A2EFA6488}.Debug|Any CPU.ActiveCfg = Debug|Any CPU
		{10D94A11-0806-4C09-826D-634A2EFA6488}.Debug|Any CPU.Build.0 = Debug|Any CPU
		{10D94A11-0806-4C09-826D-634A2EFA6488}.Release|Any CPU.ActiveCfg = Release|Any CPU
		{10D94A11-0806-4C09-826D-634A2EFA6488}.Release|Any CPU.Build.0 = Release|Any CPU
	EndGlobalSection
EndGlobal
